{
    "name": "shanran",
    "version": "0.5.0",
    "lockfileVersion": 1,
    "requires": true,
    "dependencies": {
        "colorfulimg": {
            "version": "1.0.2",
            "resolved": "https://registry.npm.taobao.org/colorfulimg/download/colorfulimg-1.0.2.tgz",
            "integrity": "sha1-Ok71p2OF+HM7V8Z1WVZ+g3q+G/I="
        }
    }
}
